
Microsoft Visual Studio Solution File, Format Version 12.00
# Visual Studio 2013
VisualStudioVersion = 12.0.30723.0
MinimumVisualStudioVersion = 10.0.40219.1
Project("{FAE04EC0-301F-11D3-BF4B-00C04F79EFBC}") = "Uncodium.ConsistentHashRing", "Uncodium.ConsistentHashRing\Uncodium.ConsistentHashRing.csproj", "{791CCD92-856E-4E38-A01E-E820CC68F539}"
EndProject
Project("{FAE04EC0-301F-11D3-BF4B-00C04F79EFBC}") = "Uncodium.ConsistentHashRing.Tests", "Uncodium.ConsistentHashRing.Tests\Uncodium.ConsistentHashRing.Tests.csproj", "{56A2D023-4AD6-4FD4-8DCF-AD814DA84641}"
EndProject
Global
	GlobalSection(SolutionConfigurationPlatforms) = preSolution
		Debug|Any CPU = Debug|Any CPU
		Release|Any CPU = Release|Any CPU
	EndGlobalSection
	GlobalSection(ProjectConfigurationPlatforms) = postSolution
		{791CCD92-856E-4E38-A01E-E820CC68F539}.Debug|Any CPU.ActiveCfg = Debug|Any CPU
		{791CCD92-856E-4E38-A01E-E820CC68F539}.Debug|Any CPU.Build.0 = Debug|Any CPU
		{791CCD92-856E-4E38-A01E-E820CC68F539}.Release|Any CPU.ActiveCfg = Release|Any CPU
		{791CCD92-856E-4E38-A01E-E820CC68F539}.Release|Any CPU.Build.0 = Release|Any CPU
		{56A2D023-4AD6-4FD4-8DCF-AD814DA84641}.Debug|Any CPU.ActiveCfg = Debug|Any CPU
		{56A2D023-4AD6-4FD4-8DCF-AD814DA84641}.Debug|Any CPU.Build.0 = Debug|Any CPU
		{56A2D023-4AD6-4FD4-8DCF-AD814DA84641}.Release|Any CPU.ActiveCfg = Release|Any CPU
		{56A2D023-4AD6-4FD4-8DCF-AD814DA84641}.Release|Any CPU.Build.0 = Release|Any CPU
	EndGlobalSection
	GlobalSection(SolutionProperties) = preSolution
		HideSolutionNode = FALSE
	EndGlobalSection
EndGlobal
